
Microsoft Visual Studio Solution File, Format Version 12.00
# Visual Studio Version 17
VisualStudioVersion = 17.8.34330.188
MinimumVisualStudioVersion = 10.0.40219.1
Project("{FAE04EC0-301F-11D3-BF4B-00C04F79EFBC}") = "ShopV2", "ShopV2.csproj", "{D8F57E5E-BA83-4C59-B10F-88E177F9753E}"
EndProject
Global
	GlobalSection(SolutionConfigurationPlatforms) = preSolution
		Debug|Any CPU = Debug|Any CPU
		Release|Any CPU = Release|Any CPU
	EndGlobalSection
	GlobalSection(ProjectConfigurationPlatforms) = postSolution
		{D8F57E5E-BA83-4C59-B10F-88E177F9753E}.Debug|Any CPU.ActiveCfg = Debug|Any CPU
		{D8F57E5E-BA83-4C59-B10F-88E177F9753E}.Debug|Any CPU.Build.0 = Debug|Any CPU
		{D8F57E5E-BA83-4C59-B10F-88E177F9753E}.Release|Any CPU.ActiveCfg = Release|Any CPU
		{D8F57E5E-BA83-4C59-B10F-88E177F9753E}.Release|Any CPU.Build.0 = Release|Any CPU
	EndGlobalSection
	GlobalSection(SolutionProperties) = preSolution
		HideSolutionNode = FALSE
	EndGlobalSection
	GlobalSection(ExtensibilityGlobals) = postSolution
		SolutionGuid = {1DDB3E56-6FDD-40CA-A71B-A0CFDCD0A8B7}
	EndGlobalSection
EndGlobal
